
Microsoft Visual Studio Solution File, Format Version 12.00
# Visual Studio Version 17
VisualStudioVersion = 17.9.34728.123
MinimumVisualStudioVersion = 10.0.40219.1
Project("{2150E333-8FDC-42A3-9474-1A3956D46DE8}") = "Services", "Services", "{84F58FE9-0161-4AF4-94AD-AABBED76D00D}"
EndProject
Project("{2150E333-8FDC-42A3-9474-1A3956D46DE8}") = "Catalog", "Catalog", "{FD35509E-1165-4639-BFB2-AF143A719511}"
EndProject
Project("{FAE04EC0-301F-11D3-BF4B-00C04F79EFBC}") = "Catalog.API", "Services\Catalog\Catalog.API\Catalog.API.csproj", "{A7510796-5199-4AFD-9ACE-BD0C07D550C5}"
EndProject
Global
	GlobalSection(SolutionConfigurationPlatforms) = preSolution
		Debug|Any CPU = Debug|Any CPU
		Release|Any CPU = Release|Any CPU
	EndGlobalSection
	GlobalSection(ProjectConfigurationPlatforms) = postSolution
		{A7510796-5199-4AFD-9ACE-BD0C07D550C5}.Debug|Any CPU.ActiveCfg = Debug|Any CPU
		{A7510796-5199-4AFD-9ACE-BD0C07D550C5}.Debug|Any CPU.Build.0 = Debug|Any CPU
		{A7510796-5199-4AFD-9ACE-BD0C07D550C5}.Release|Any CPU.ActiveCfg = Release|Any CPU
		{A7510796-5199-4AFD-9ACE-BD0C07D550C5}.Release|Any CPU.Build.0 = Release|Any CPU
	EndGlobalSection
	GlobalSection(SolutionProperties) = preSolution
		HideSolutionNode = FALSE
	EndGlobalSection
	GlobalSection(NestedProjects) = preSolution
		{FD35509E-1165-4639-BFB2-AF143A719511} = {84F58FE9-0161-4AF4-94AD-AABBED76D00D}
		{A7510796-5199-4AFD-9ACE-BD0C07D550C5} = {FD35509E-1165-4639-BFB2-AF143A719511}
	EndGlobalSection
	GlobalSection(ExtensibilityGlobals) = postSolution
		SolutionGuid = {07938B68-5483-4840-93DA-B3B4487B732E}
	EndGlobalSection
EndGlobal
